
Microsoft Visual Studio Solution File, Format Version 12.00
# Visual Studio Version 17
VisualStudioVersion = 17.4.33213.308
MinimumVisualStudioVersion = 10.0.40219.1
Project("{FAE04EC0-301F-11D3-BF4B-00C04F79EFBC}") = "AppData", "AppData\AppData.csproj", "{6E9BC0BF-D74D-44AB-9C87-89542E6644F3}"
EndProject
Project("{FAE04EC0-301F-11D3-BF4B-00C04F79EFBC}") = "AppAPI", "AppAPI\AppAPI.csproj", "{26D2E989-8E5F-484F-AC78-D48D880CFEDD}"
EndProject
Project("{FAE04EC0-301F-11D3-BF4B-00C04F79EFBC}") = "AppView", "AppView\AppView.csproj", "{36270EFB-42C5-45F6-9304-351A44F47ECD}"
EndProject
Global
	GlobalSection(SolutionConfigurationPlatforms) = preSolution
		Debug|Any CPU = Debug|Any CPU
		Release|Any CPU = Release|Any CPU
	EndGlobalSection
	GlobalSection(ProjectConfigurationPlatforms) = postSolution
		{6E9BC0BF-D74D-44AB-9C87-89542E6644F3}.Debug|Any CPU.ActiveCfg = Debug|Any CPU
		{6E9BC0BF-D74D-44AB-9C87-89542E6644F3}.Debug|Any CPU.Build.0 = Debug|Any CPU
		{6E9BC0BF-D74D-44AB-9C87-89542E6644F3}.Release|Any CPU.ActiveCfg = Release|Any CPU
		{6E9BC0BF-D74D-44AB-9C87-89542E6644F3}.Release|Any CPU.Build.0 = Release|Any CPU
		{26D2E989-8E5F-484F-AC78-D48D880CFEDD}.Debug|Any CPU.ActiveCfg = Debug|Any CPU
		{26D2E989-8E5F-484F-AC78-D48D880CFEDD}.Debug|Any CPU.Build.0 = Debug|Any CPU
		{26D2E989-8E5F-484F-AC78-D48D880CFEDD}.Release|Any CPU.ActiveCfg = Release|Any CPU
		{26D2E989-8E5F-484F-AC78-D48D880CFEDD}.Release|Any CPU.Build.0 = Release|Any CPU
		{36270EFB-42C5-45F6-9304-351A44F47ECD}.Debug|Any CPU.ActiveCfg = Debug|Any CPU
		{36270EFB-42C5-45F6-9304-351A44F47ECD}.Debug|Any CPU.Build.0 = Debug|Any CPU
		{36270EFB-42C5-45F6-9304-351A44F47ECD}.Release|Any CPU.ActiveCfg = Release|Any CPU
		{36270EFB-42C5-45F6-9304-351A44F47ECD}.Release|Any CPU.Build.0 = Release|Any CPU
	EndGlobalSection
	GlobalSection(SolutionProperties) = preSolution
		HideSolutionNode = FALSE
	EndGlobalSection
	GlobalSection(ExtensibilityGlobals) = postSolution
		SolutionGuid = {B2517BEA-CAEF-4233-810A-341F0C224896}
	EndGlobalSection
EndGlobal
